
Microsoft Visual Studio Solution File, Format Version 12.00
# Visual Studio Version 17
VisualStudioVersion = 17.7.34221.43
MinimumVisualStudioVersion = 10.0.40219.1
Project("{FAE04EC0-301F-11D3-BF4B-00C04F79EFBC}") = "Wikipediai", "Wikipediai\Wikipediai.csproj", "{9BC7D0D8-6E64-444D-ADC3-6DB47A496071}"
EndProject
Global
	GlobalSection(SolutionConfigurationPlatforms) = preSolution
		Debug|Any CPU = Debug|Any CPU
		Release|Any CPU = Release|Any CPU
	EndGlobalSection
	GlobalSection(ProjectConfigurationPlatforms) = postSolution
		{9BC7D0D8-6E64-444D-ADC3-6DB47A496071}.Debug|Any CPU.ActiveCfg = Debug|Any CPU
		{9BC7D0D8-6E64-444D-ADC3-6DB47A496071}.Debug|Any CPU.Build.0 = Debug|Any CPU
		{9BC7D0D8-6E64-444D-ADC3-6DB47A496071}.Release|Any CPU.ActiveCfg = Release|Any CPU
		{9BC7D0D8-6E64-444D-ADC3-6DB47A496071}.Release|Any CPU.Build.0 = Release|Any CPU
	EndGlobalSection
	GlobalSection(SolutionProperties) = preSolution
		HideSolutionNode = FALSE
	EndGlobalSection
	GlobalSection(ExtensibilityGlobals) = postSolution
		SolutionGuid = {BF57F4BA-97F7-4D75-B7A4-0EB236E70F37}
	EndGlobalSection
EndGlobal
